// !$*UTF8*$!
{
	archiveVersion = 1;
	classes = {
	};
	objectVersion = 56;
	objects = {

/* Begin PBXBuildFile section */
		FA0AA9C62B05AC6B005FE3EB /* Anime.swift in Sources */ = {isa = PBXBuildFile; fileRef = FA0AA9C52B05AC6B005FE3EB /* Anime.swift */; };
		FA0AA9D22B05B673005FE3EB /* Nuke in Frameworks */ = {isa = PBXBuildFile; productRef = FA0AA9D12B05B673005FE3EB /* Nuke */; };
		FA4D1AD92AFF220A008E0AE6 /* AppDelegate.swift in Sources */ = {isa = PBXBuildFile; fileRef = FA4D1AD82AFF220A008E0AE6 /* AppDelegate.swift */; };
		FA4D1ADB2AFF220A008E0AE6 /* SceneDelegate.swift in Sources */ = {isa = PBXBuildFile; fileRef = FA4D1ADA2AFF220A008E0AE6 /* SceneDelegate.swift */; };
		FA4D1ADD2AFF220A008E0AE6 /* ViewController.swift in Sources */ = {isa = PBXBuildFile; fileRef = FA4D1ADC2AFF220A008E0AE6 /* ViewController.swift */; };
		FA4D1AE02AFF220A008E0AE6 /* Main.storyboard in Resources */ = {isa = PBXBuildFile; fileRef = FA4D1ADE2AFF220A008E0AE6 /* Main.storyboard */; };
		FA4D1AE22AFF220C008E0AE6 /* Assets.xcassets in Resources */ = {isa = PBXBuildFile; fileRef = FA4D1AE12AFF220C008E0AE6 /* Assets.xcassets */; };
		FA4D1AE52AFF220C008E0AE6 /* LaunchScreen.storyboard in Resources */ = {isa = PBXBuildFile; fileRef = FA4D1AE32AFF220C008E0AE6 /* LaunchScreen.storyboard */; };
		FAC949472B07125300458DC0 /* DetailViewController.swift in Sources */ = {isa = PBXBuildFile; fileRef = FAC949462B07125300458DC0 /* DetailViewController.swift */; };
		FACE338F2B000C41006F12C0 /* AnimeCell.swift in Sources */ = {isa = PBXBuildFile; fileRef = FACE338E2B000C41006F12C0 /* AnimeCell.swift */; };
/* End PBXBuildFile section */

/* Begin PBXFileReference section */
		FA0AA9C52B05AC6B005FE3EB /* Anime.swift */ = {isa = PBXFileReference; lastKnownFileType = sourcecode.swift; path = Anime.swift; sourceTree = "<group>"; };
		FA4D1AD52AFF220A008E0AE6 /* capstone.app */ = {isa = PBXFileReference; explicitFileType = wrapper.application; includeInIndex = 0; path = capstone.app; sourceTree = BUILT_PRODUCTS_DIR; };
		FA4D1AD82AFF220A008E0AE6 /* AppDelegate.swift */ = {isa = PBXFileReference; lastKnownFileType = sourcecode.swift; path = AppDelegate.swift; sourceTree = "<group>"; };
		FA4D1ADA2AFF220A008E0AE6 /* SceneDelegate.swift */ = {isa = PBXFileReference; lastKnownFileType = sourcecode.swift; path = SceneDelegate.swift; sourceTree = "<group>"; };
		FA4D1ADC2AFF220A008E0AE6 /* ViewController.swift */ = {isa = PBXFileReference; lastKnownFileType = sourcecode.swift; path = ViewController.swift; sourceTree = "<group>"; };
		FA4D1ADF2AFF220A008E0AE6 /* Base */ = {isa = PBXFileReference; lastKnownFileType = file.storyboard; name = Base; path = Base.lproj/Main.storyboard; sourceTree = "<group>"; };
		FA4D1AE12AFF220C008E0AE6 /* Assets.xcassets */ = {isa = PBXFileReference; lastKnownFileType = folder.assetcatalog; path = Assets.xcassets; sourceTree = "<group>"; };
		FA4D1AE42AFF220C008E0AE6 /* Base */ = {isa = PBXFileReference; lastKnownFileType = file.storyboard; name = Base; path = Base.lproj/LaunchScreen.storyboard; sourceTree = "<group>"; };
		FA4D1AE62AFF220C008E0AE6 /* Info.plist */ = {isa = PBXFileReference; lastKnownFileType = text.plist.xml; path = Info.plist; sourceTree = "<group>"; };
		FAC949462B07125300458DC0 /* DetailViewController.swift */ = {isa = PBXFileReference; lastKnownFileType = sourcecode.swift; path = DetailViewController.swift; sourceTree = "<group>"; };
		FACE338E2B000C41006F12C0 /* AnimeCell.swift */ = {isa = PBXFileReference; lastKnownFileType = sourcecode.swift; path = AnimeCell.swift; sourceTree = "<group>"; };
/* End PBXFileReference section */

/* Begin PBXFrameworksBuildPhase section */
		FA4D1AD22AFF220A008E0AE6 /* Frameworks */ = {
			isa = PBXFrameworksBuildPhase;
			buildActionMask = 2147483647;
			files = (
				FA0AA9D22B05B673005FE3EB /* Nuke in Frameworks */,
			);
			runOnlyForDeploymentPostprocessing = 0;
		};
/* End PBXFrameworksBuildPhase section */

/* Begin PBXGroup section */
		FA4D1ACC2AFF220A008E0AE6 = {
			isa = PBXGroup;
			children = (
				FA4D1AD72AFF220A008E0AE6 /* capstone */,
				FA4D1AD62AFF220A008E0AE6 /* Products */,
			);
			sourceTree = "<group>";
		};
		FA4D1AD62AFF220A008E0AE6 /* Products */ = {
			isa = PBXGroup;
			children = (
				FA4D1AD52AFF220A008E0AE6 /* capstone.app */,
			);
			name = Products;
			sourceTree = "<group>";
		};
		FA4D1AD72AFF220A008E0AE6 /* capstone */ = {
			isa = PBXGroup;
			children = (
				FA4D1AD82AFF220A008E0AE6 /* AppDelegate.swift */,
				FA4D1ADA2AFF220A008E0AE6 /* SceneDelegate.swift */,
				FA4D1ADC2AFF220A008E0AE6 /* ViewController.swift */,
				FAC949462B07125300458DC0 /* DetailViewController.swift */,
				FA0AA9C52B05AC6B005FE3EB /* Anime.swift */,
				FA4D1ADE2AFF220A008E0AE6 /* Main.storyboard */,
				FACE338E2B000C41006F12C0 /* AnimeCell.swift */,
				FA4D1AE12AFF220C008E0AE6 /* Assets.xcassets */,
				FA4D1AE32AFF220C008E0AE6 /* LaunchScreen.storyboard */,
				FA4D1AE62AFF220C008E0AE6 /* Info.plist */,
			);
			path = capstone;
			sourceTree = "<group>";
		};
/* End PBXGroup section */

/* Begin PBXNativeTarget section */
		FA4D1AD42AFF220A008E0AE6 /* capstone */ = {
			isa = PBXNativeTarget;
			buildConfigurationList = FA4D1AE92AFF220C008E0AE6 /* Build configuration list for PBXNativeTarget "capstone" */;
			buildPhases = (
				FA4D1AD12AFF220A008E0AE6 /* Sources */,
				FA4D1AD22AFF220A008E0AE6 /* Frameworks */,
				FA4D1AD32AFF220A008E0AE6 /* Resources */,
			);
			buildRules = (
			);
			dependencies = (
			);
			name = capstone;
			packageProductDependencies = (
				FA0AA9D12B05B673005FE3EB /* Nuke */,
			);
			productName = capstone;
			productReference = FA4D1AD52AFF220A008E0AE6 /* capstone.app */;
			productType = "com.apple.product-type.application";
		};
/* End PBXNativeTarget section */

/* Begin PBXProject section */
		FA4D1ACD2AFF220A008E0AE6 /* Project object */ = {
			isa = PBXProject;
			attributes = {
				BuildIndependentTargetsInParallel = 1;
				LastSwiftUpdateCheck = 1500;
				LastUpgradeCheck = 1500;
				TargetAttributes = {
					FA4D1AD42AFF220A008E0AE6 = {
						CreatedOnToolsVersion = 15.0;
					};
				};
			};
			buildConfigurationList = FA4D1AD02AFF220A008E0AE6 /* Build configuration list for PBXProject "capstone" */;
			compatibilityVersion = "Xcode 14.0";
			developmentRegion = en;
			hasScannedForEncodings = 0;
			knownRegions = (
				en,
				Base,
			);
			mainGroup = FA4D1ACC2AFF220A008E0AE6;
			packageReferences = (
				FA0AA9D02B05B673005FE3EB /* XCRemoteSwiftPackageReference "Nuke" */,
			);
			productRefGroup = FA4D1AD62AFF220A008E0AE6 /* Products */;
			projectDirPath = "";
			projectRoot = "";
			targets = (
				FA4D1AD42AFF220A008E0AE6 /* capstone */,
			);
		};
/* End PBXProject section */

/* Begin PBXResourcesBuildPhase section */
		FA4D1AD32AFF220A008E0AE6 /* Resources */ = {
			isa = PBXResourcesBuildPhase;
			buildActionMask = 2147483647;
			files = (
				FA4D1AE52AFF220C008E0AE6 /* LaunchScreen.storyboard in Resources */,
				FA4D1AE22AFF220C008E0AE6 /* Assets.xcassets in Resources */,
				FA4D1AE02AFF220A008E0AE6 /* Main.storyboard in Resources */,
			);
			runOnlyForDeploymentPostprocessing = 0;
		};
/* End PBXResourcesBuildPhase section */

/* Begin PBXSourcesBuildPhase section */
		FA4D1AD12AFF220A008E0AE6 /* Sources */ = {
			isa = PBXSourcesBuildPhase;
			buildActionMask = 2147483647;
			files = (
				FACE338F2B000C41006F12C0 /* AnimeCell.swift in Sources */,
				FA0AA9C62B05AC6B005FE3EB /* Anime.swift in Sources */,
				FA4D1ADD2AFF220A008E0AE6 /* ViewController.swift in Sources */,
				FAC949472B07125300458DC0 /* DetailViewController.swift in Sources */,
				FA4D1AD92AFF220A008E0AE6 /* AppDelegate.swift in Sources */,
				FA4D1ADB2AFF220A008E0AE6 /* SceneDelegate.swift in Sources */,
			);
			runOnlyForDeploymentPostprocessing = 0;
		};
/* End PBXSourcesBuildPhase section */

/* Begin PBXVariantGroup section */
		FA4D1ADE2AFF220A008E0AE6 /* Main.storyboard */ = {
			isa = PBXVariantGroup;
			children = (
				FA4D1ADF2AFF220A008E0AE6 /* Base */,
			);
			name = Main.storyboard;
			sourceTree = "<group>";
		};
		FA4D1AE32AFF220C008E0AE6 /* LaunchScreen.storyboard */ = {
			isa = PBXVariantGroup;
			children = (
				FA4D1AE42AFF220C008E0AE6 /* Base */,
			);
			name = LaunchScreen.storyboard;
			sourceTree = "<group>";
		};
/* End PBXVariantGroup section */

/* Begin XCBuildConfiguration section */
		FA4D1AE72AFF220C008E0AE6 /* Debug */ = {
			isa = XCBuildConfiguration;
			buildSettings = {
				ALWAYS_SEARCH_USER_PATHS = NO;
				ASSETCATALOG_COMPILER_GENERATE_SWIFT_ASSET_SYMBOL_EXTENSIONS = YES;
				CLANG_ANALYZER_NONNULL = YES;
				CLANG_ANALYZER_NUMBER_OBJECT_CONVERSION = YES_AGGRESSIVE;
				CLANG_CXX_LANGUAGE_STANDARD = "gnu++20";
				CLANG_ENABLE_MODULES = YES;
				CLANG_ENABLE_OBJC_ARC = YES;
				CLANG_ENABLE_OBJC_WEAK = YES;
				CLANG_WARN_BLOCK_CAPTURE_AUTORELEASING = YES;
				CLANG_WARN_BOOL_CONVERSION = YES;
				CLANG_WARN_COMMA = YES;
				CLANG_WARN_CONSTANT_CONVERSION = YES;
				CLANG_WARN_DEPRECATED_OBJC_IMPLEMENTATIONS = YES;
				CLANG_WARN_DIRECT_OBJC_ISA_USAGE = YES_ERROR;
				CLANG_WARN_DOCUMENTATION_COMMENTS = YES;
				CLANG_WARN_EMPTY_BODY = YES;
				CLANG_WARN_ENUM_CONVERSION = YES;
				CLANG_WARN_INFINITE_RECURSION = YES;
				CLANG_WARN_INT_CONVERSION = YES;
				CLANG_WARN_NON_LITERAL_NULL_CONVERSION = YES;
				CLANG_WARN_OBJC_IMPLICIT_RETAIN_SELF = YES;
				CLANG_WARN_OBJC_LITERAL_CONVERSION = YES;
				CLANG_WARN_OBJC_ROOT_CLASS = YES_ERROR;
				CLANG_WARN_QUOTED_INCLUDE_IN_FRAMEWORK_HEADER = YES;
				CLANG_WARN_RANGE_LOOP_ANALYSIS = YES;
				CLANG_WARN_STRICT_PROTOTYPES = YES;
				CLANG_WARN_SUSPICIOUS_MOVE = YES;
				CLANG_WARN_UNGUARDED_AVAILABILITY = YES_AGGRESSIVE;
				CLANG_WARN_UNREACHABLE_CODE = YES;
				CLANG_WARN__DUPLICATE_METHOD_MATCH = YES;
				COPY_PHASE_STRIP = NO;
				DEBUG_INFORMATION_FORMAT = dwarf;
				ENABLE_STRICT_OBJC_MSGSEND = YES;
				ENABLE_TESTABILITY = YES;
				ENABLE_USER_SCRIPT_SANDBOXING = YES;
				GCC_C_LANGUAGE_STANDARD = gnu17;
				GCC_DYNAMIC_NO_PIC = NO;
				GCC_NO_COMMON_BLOCKS = YES;
				GCC_OPTIMIZATION_LEVEL = 0;
				GCC_PREPROCESSOR_DEFINITIONS = (
					"DEBUG=1",
					"$(inherited)",
				);
				GCC_WARN_64_TO_32_BIT_CONVERSION = YES;
				GCC_WARN_ABOUT_RETURN_TYPE = YES_ERROR;
				GCC_WARN_UNDECLARED_SELECTOR = YES;
				GCC_WARN_UNINITIALIZED_AUTOS = YES_AGGRESSIVE;
				GCC_WARN_UNUSED_FUNCTION = YES;
				GCC_WARN_UNUSED_VARIABLE = YES;
				IPHONEOS_DEPLOYMENT_TARGET = 17.0;
				LOCALIZATION_PREFERS_STRING_CATALOGS = YES;
				MTL_ENABLE_DEBUG_INFO = INCLUDE_SOURCE;
				MTL_FAST_MATH = YES;
				ONLY_ACTIVE_ARCH = YES;
				SDKROOT = iphoneos;
				SWIFT_ACTIVE_COMPILATION_CONDITIONS = "DEBUG $(inherited)";
				SWIFT_OPTIMIZATION_LEVEL = "-Onone";
			};
			name = Debug;
		};
		FA4D1AE82AFF220C008E0AE6 /* Release */ = {
			isa = XCBuildConfiguration;
			buildSettings = {
				ALWAYS_SEARCH_USER_PATHS = NO;
				ASSETCATALOG_COMPILER_GENERATE_SWIFT_ASSET_SYMBOL_EXTENSIONS = YES;
				CLANG_ANALYZER_NONNULL = YES;
				CLANG_ANALYZER_NUMBER_OBJECT_CONVERSION = YES_AGGRESSIVE;
				CLANG_CXX_LANGUAGE_STANDARD = "gnu++20";
				CLANG_ENABLE_MODULES = YES;
				CLANG_ENABLE_OBJC_ARC = YES;
				CLANG_ENABLE_OBJC_WEAK = YES;
				CLANG_WARN_BLOCK_CAPTURE_AUTORELEASING = YES;
				CLANG_WARN_BOOL_CONVERSION = YES;
				CLANG_WARN_COMMA = YES;
				CLANG_WARN_CONSTANT_CONVERSION = YES;
				CLANG_WARN_DEPRECATED_OBJC_IMPLEMENTATIONS = YES;
				CLANG_WARN_DIRECT_OBJC_ISA_USAGE = YES_ERROR;
				CLANG_WARN_DOCUMENTATION_COMMENTS = YES;
				CLANG_WARN_EMPTY_BODY = YES;
				CLANG_WARN_ENUM_CONVERSION = YES;
				CLANG_WARN_INFINITE_RECURSION = YES;
				CLANG_WARN_INT_CONVERSION = YES;
				CLANG_WARN_NON_LITERAL_NULL_CONVERSION = YES;
				CLANG_WARN_OBJC_IMPLICIT_RETAIN_SELF = YES;
				CLANG_WARN_OBJC_LITERAL_CONVERSION = YES;
				CLANG_WARN_OBJC_ROOT_CLASS = YES_ERROR;
				CLANG_WARN_QUOTED_INCLUDE_IN_FRAMEWORK_HEADER = YES;
				CLANG_WARN_RANGE_LOOP_ANALYSIS = YES;
				CLANG_WARN_STRICT_PROTOTYPES = YES;
				CLANG_WARN_SUSPICIOUS_MOVE = YES;
				CLANG_WARN_UNGUARDED_AVAILABILITY = YES_AGGRESSIVE;
				CLANG_WARN_UNREACHABLE_CODE = YES;
				CLANG_WARN__DUPLICATE_METHOD_MATCH = YES;
				COPY_PHASE_STRIP = NO;
				DEBUG_INFORMATION_FORMAT = "dwarf-with-dsym";
				ENABLE_NS_ASSERTIONS = NO;
				ENABLE_STRICT_OBJC_MSGSEND = YES;
				ENABLE_USER_SCRIPT_SANDBOXING = YES;
				GCC_C_LANGUAGE_STANDARD = gnu17;
				GCC_NO_COMMON_BLOCKS = YES;
				GCC_WARN_64_TO_32_BIT_CONVERSION = YES;
				GCC_WARN_ABOUT_RETURN_TYPE = YES_ERROR;
				GCC_WARN_UNDECLARED_SELECTOR = YES;
				GCC_WARN_UNINITIALIZED_AUTOS = YES_AGGRESSIVE;
				GCC_WARN_UNUSED_FUNCTION = YES;
				GCC_WARN_UNUSED_VARIABLE = YES;
				IPHONEOS_DEPLOYMENT_TARGET = 17.0;
				LOCALIZATION_PREFERS_STRING_CATALOGS = YES;
				MTL_ENABLE_DEBUG_INFO = NO;
				MTL_FAST_MATH = YES;
				SDKROOT = iphoneos;
				SWIFT_COMPILATION_MODE = wholemodule;
				VALIDATE_PRODUCT = YES;
			};
			name = Release;
		};
		FA4D1AEA2AFF220C008E0AE6 /* Debug */ = {
			isa = XCBuildConfiguration;
			buildSettings = {
				ASSETCATALOG_COMPILER_APPICON_NAME = AppIcon;
				ASSETCATALOG_COMPILER_GLOBAL_ACCENT_COLOR_NAME = AccentColor;
				CODE_SIGN_STYLE = Automatic;
				CURRENT_PROJECT_VERSION = 1;
				DEVELOPMENT_TEAM = K3FQRVZX73;
				GENERATE_INFOPLIST_FILE = YES;
				INFOPLIST_FILE = capstone/Info.plist;
				INFOPLIST_KEY_UIApplicationSupportsIndirectInputEvents = YES;
				INFOPLIST_KEY_UILaunchStoryboardName = LaunchScreen;
				INFOPLIST_KEY_UIMainStoryboardFile = Main;
				INFOPLIST_KEY_UISupportedInterfaceOrientations_iPad = "UIInterfaceOrientationPortrait UIInterfaceOrientationPortraitUpsideDown UIInterfaceOrientationLandscapeLeft UIInterfaceOrientationLandscapeRight";
				INFOPLIST_KEY_UISupportedInterfaceOrientations_iPhone = "UIInterfaceOrientationPortrait UIInterfaceOrientationLandscapeLeft UIInterfaceOrientationLandscapeRight";
				LD_RUNPATH_SEARCH_PATHS = (
					"$(inherited)",
					"@executable_path/Frameworks",
				);
				MARKETING_VERSION = 1.0;
				PRODUCT_BUNDLE_IDENTIFIER = VanessaTang.capstone;
				PRODUCT_NAME = "$(TARGET_NAME)";
				SWIFT_EMIT_LOC_STRINGS = YES;
				SWIFT_VERSION = 5.0;
				TARGETED_DEVICE_FAMILY = "1,2";
			};
			name = Debug;
		};
		FA4D1AEB2AFF220C008E0AE6 /* Release */ = {
			isa = XCBuildConfiguration;
			buildSettings = {
				ASSETCATALOG_COMPILER_APPICON_NAME = AppIcon;
				ASSETCATALOG_COMPILER_GLOBAL_ACCENT_COLOR_NAME = AccentColor;
				CODE_SIGN_STYLE = Automatic;
				CURRENT_PROJECT_VERSION = 1;
				DEVELOPMENT_TEAM = K3FQRVZX73;
				GENERATE_INFOPLIST_FILE = YES;
				INFOPLIST_FILE = capstone/Info.plist;
				INFOPLIST_KEY_UIApplicationSupportsIndirectInputEvents = YES;
				INFOPLIST_KEY_UILaunchStoryboardName = LaunchScreen;
				INFOPLIST_KEY_UIMainStoryboardFile = Main;
				INFOPLIST_KEY_UISupportedInterfaceOrientations_iPad = "UIInterfaceOrientationPortrait UIInterfaceOrientationPortraitUpsideDown UIInterfaceOrientationLandscapeLeft UIInterfaceOrientationLandscapeRight";
				INFOPLIST_KEY_UISupportedInterfaceOrientations_iPhone = "UIInterfaceOrientationPortrait UIInterfaceOrientationLandscapeLeft UIInterfaceOrientationLandscapeRight";
				LD_RUNPATH_SEARCH_PATHS = (
					"$(inherited)",
					"@executable_path/Frameworks",
				);
				MARKETING_VERSION = 1.0;
				PRODUCT_BUNDLE_IDENTIFIER = VanessaTang.capstone;
				PRODUCT_NAME = "$(TARGET_NAME)";
				SWIFT_EMIT_LOC_STRINGS = YES;
				SWIFT_VERSION = 5.0;
				TARGETED_DEVICE_FAMILY = "1,2";
			};
			name = Release;
		};
/* End XCBuildConfiguration section */

/* Begin XCConfigurationList section */
		FA4D1AD02AFF220A008E0AE6 /* Build configuration list for PBXProject "capstone" */ = {
			isa = XCConfigurationList;
			buildConfigurations = (
				FA4D1AE72AFF220C008E0AE6 /* Debug */,
				FA4D1AE82AFF220C008E0AE6 /* Release */,
			);
			defaultConfigurationIsVisible = 0;
			defaultConfigurationName = Release;
		};
		FA4D1AE92AFF220C008E0AE6 /* Build configuration list for PBXNativeTarget "capstone" */ = {
			isa = XCConfigurationList;
			buildConfigurations = (
				FA4D1AEA2AFF220C008E0AE6 /* Debug */,
				FA4D1AEB2AFF220C008E0AE6 /* Release */,
			);
			defaultConfigurationIsVisible = 0;
			defaultConfigurationName = Release;
		};
/* End XCConfigurationList section */

/* Begin XCRemoteSwiftPackageReference section */
		FA0AA9D02B05B673005FE3EB /* XCRemoteSwiftPackageReference "Nuke" */ = {
			isa = XCRemoteSwiftPackageReference;
			repositoryURL = "https://github.com/kean/Nuke.git";
			requirement = {
				kind = upToNextMajorVersion;
				minimumVersion = 9.0.0;
			};
		};
/* End XCRemoteSwiftPackageReference section */

/* Begin XCSwiftPackageProductDependency section */
		FA0AA9D12B05B673005FE3EB /* Nuke */ = {
			isa = XCSwiftPackageProductDependency;
			package = FA0AA9D02B05B673005FE3EB /* XCRemoteSwiftPackageReference "Nuke" */;
			productName = Nuke;
		};
/* End XCSwiftPackageProductDependency section */
	};
	rootObject = FA4D1ACD2AFF220A008E0AE6 /* Project object */;
}
